
Microsoft Visual Studio Solution File, Format Version 12.00
# Visual Studio 15
VisualStudioVersion = 15.0.28307.271
MinimumVisualStudioVersion = 10.0.40219.1
Project("{FAE04EC0-301F-11D3-BF4B-00C04F79EFBC}") = "StudyAutomationApplication", "StudyAutomationApplication\StudyAutomationApplication.csproj", "{08424AC0-9DD1-4345-AF43-8A18AAA5D06B}"
EndProject
Global
	GlobalSection(SolutionConfigurationPlatforms) = preSolution
		Debug|Any CPU = Debug|Any CPU
		Release|Any CPU = Release|Any CPU
	EndGlobalSection
	GlobalSection(ProjectConfigurationPlatforms) = postSolution
		{08424AC0-9DD1-4345-AF43-8A18AAA5D06B}.Debug|Any CPU.ActiveCfg = Debug|Any CPU
		{08424AC0-9DD1-4345-AF43-8A18AAA5D06B}.Debug|Any CPU.Build.0 = Debug|Any CPU
		{08424AC0-9DD1-4345-AF43-8A18AAA5D06B}.Release|Any CPU.ActiveCfg = Release|Any CPU
		{08424AC0-9DD1-4345-AF43-8A18AAA5D06B}.Release|Any CPU.Build.0 = Release|Any CPU
	EndGlobalSection
	GlobalSection(SolutionProperties) = preSolution
		HideSolutionNode = FALSE
	EndGlobalSection
	GlobalSection(ExtensibilityGlobals) = postSolution
		SolutionGuid = {9B9935B6-CF09-44C1-9E65-FA1AA7FE0AC8}
	EndGlobalSection
EndGlobal
